Microsoft Visual Studio Solution File, Format Version 11.00
# Visual Studio 2008

Project("{4F7CDDBD-A692-D356-AB74-0BAC547F95DD}") = "T5_ArtPrefab", "Assembly-CSharp-firstpass.csproj", "{1F1C02B6-063F-3877-1972-51CCE719D940}"
EndProject
Project("{4F7CDDBD-A692-D356-AB74-0BAC547F95DD}") = "T5_ArtPrefab", "Assembly-CSharp.csproj", "{22599D17-8021-F137-D3B6-0129648363EF}"
EndProject
Project("{4F7CDDBD-A692-D356-AB74-0BAC547F95DD}") = "T5_ArtPrefab", "Assembly-CSharp-Editor.csproj", "{83712BCC-F5D3-D6CF-BB42-69555E972DAB}"
EndProject
Global
	GlobalSection(SolutionConfigurationPlatforms) = preSolution
		Debug|Any CPU = Debug|Any CPU
		Release|Any CPU = Release|Any CPU
	EndGlobalSection
	GlobalSection(ProjectConfigurationPlatforms) = postSolution
		{1F1C02B6-063F-3877-1972-51CCE719D940}.Debug|Any CPU.ActiveCfg = Debug|Any CPU
		{1F1C02B6-063F-3877-1972-51CCE719D940}.Debug|Any CPU.Build.0 = Debug|Any CPU
		{1F1C02B6-063F-3877-1972-51CCE719D940}.Release|Any CPU.ActiveCfg = Release|Any CPU
		{1F1C02B6-063F-3877-1972-51CCE719D940}.Release|Any CPU.Build.0 = Release|Any CPU
		{22599D17-8021-F137-D3B6-0129648363EF}.Debug|Any CPU.ActiveCfg = Debug|Any CPU
		{22599D17-8021-F137-D3B6-0129648363EF}.Debug|Any CPU.Build.0 = Debug|Any CPU
		{22599D17-8021-F137-D3B6-0129648363EF}.Release|Any CPU.ActiveCfg = Release|Any CPU
		{22599D17-8021-F137-D3B6-0129648363EF}.Release|Any CPU.Build.0 = Release|Any CPU
		{83712BCC-F5D3-D6CF-BB42-69555E972DAB}.Debug|Any CPU.ActiveCfg = Debug|Any CPU
		{83712BCC-F5D3-D6CF-BB42-69555E972DAB}.Debug|Any CPU.Build.0 = Debug|Any CPU
		{83712BCC-F5D3-D6CF-BB42-69555E972DAB}.Release|Any CPU.ActiveCfg = Release|Any CPU
		{83712BCC-F5D3-D6CF-BB42-69555E972DAB}.Release|Any CPU.Build.0 = Release|Any CPU
	EndGlobalSection
	GlobalSection(SolutionProperties) = preSolution
		HideSolutionNode = FALSE
	EndGlobalSection
		GlobalSection(MonoDevelopProperties) = preSolution
		StartupItem = Assembly-CSharp.csproj
	EndGlobalSection
EndGlobal
